
Microsoft Visual Studio Solution File, Format Version 12.00
Project("{FAE04EC0-301F-11D3-BF4B-00C04F79EFBC}") = "NumerosImparesIntervalo", "NumerosImparesIntervalo\NumerosImparesIntervalo.csproj", "{48194A4C-9DD5-454D-A064-C6D8659DD823}"
EndProject
Global
	GlobalSection(SolutionConfigurationPlatforms) = preSolution
		Debug|Any CPU = Debug|Any CPU
		Release|Any CPU = Release|Any CPU
	EndGlobalSection
	GlobalSection(ProjectConfigurationPlatforms) = postSolution
		{48194A4C-9DD5-454D-A064-C6D8659DD823}.Debug|Any CPU.ActiveCfg = Debug|Any CPU
		{48194A4C-9DD5-454D-A064-C6D8659DD823}.Debug|Any CPU.Build.0 = Debug|Any CPU
		{48194A4C-9DD5-454D-A064-C6D8659DD823}.Release|Any CPU.ActiveCfg = Release|Any CPU
		{48194A4C-9DD5-454D-A064-C6D8659DD823}.Release|Any CPU.Build.0 = Release|Any CPU
	EndGlobalSection
EndGlobal
